# This file is automatically @generated by Cargo.
# It is not intended for manual editing.
version = 3

[[package]]
name = "dealize"
version = "0.6.0"
source = "git+https://www.github.com/verdex/dealize?tag=release-0.6.0#62dc20073764b31ab1978e7e68423d0319bc0ecf"

[[package]]
name = "skr"
version = "0.1.0"
dependencies = [
 "dealize",
]
