# This file is automatically @generated by Cargo.
# It is not intended for manual editing.
version = 3

[[package]]
name = "dealize"
version = "0.4.0"
source = "git+https://www.github.com/verdex/dealize?tag=release-0.4.0#f6309a0f37be3a2dc89b6cb37c3be8d58295a740"

[[package]]
name = "skr"
version = "0.1.0"
dependencies = [
 "dealize",
 "yoke",
]

[[package]]
name = "yoke"
version = "0.2.0"
source = "git+https://www.github.com/verdex/yoke?tag=release-0.2.0#ab29c8df4583090faf322b912ce22a5aca1b59e7"
